
Microsoft Visual Studio Solution File, Format Version 12.00
Project("{FAE04EC0-301F-11D3-BF4B-00C04F79EFBC}") = "VS2022Cleaner", "VS2022Cleaner\VS2022Cleaner.csproj", "{506AEA70-A392-4C7E-B4A2-1CCBB703BA28}"
EndProject
Global
	GlobalSection(SolutionConfigurationPlatforms) = preSolution
		Debug|Any CPU = Debug|Any CPU
		Release|Any CPU = Release|Any CPU
	EndGlobalSection
	GlobalSection(ProjectConfigurationPlatforms) = postSolution
		{506AEA70-A392-4C7E-B4A2-1CCBB703BA28}.Debug|Any CPU.ActiveCfg = Debug|Any CPU
		{506AEA70-A392-4C7E-B4A2-1CCBB703BA28}.Debug|Any CPU.Build.0 = Debug|Any CPU
		{506AEA70-A392-4C7E-B4A2-1CCBB703BA28}.Release|Any CPU.ActiveCfg = Release|Any CPU
		{506AEA70-A392-4C7E-B4A2-1CCBB703BA28}.Release|Any CPU.Build.0 = Release|Any CPU
	EndGlobalSection
EndGlobal
